
Microsoft Visual Studio Solution File, Format Version 12.00
# Visual Studio Version 17
VisualStudioVersion = 17.0.31903.59
MinimumVisualStudioVersion = 10.0.40219.1
Project("{2150E333-8FDC-42A3-9474-1A3956D46DE8}") = "src", "src", "{520D4272-41C0-49C9-A4DD-1D9B81C90640}"
EndProject
Project("{FAE04EC0-301F-11D3-BF4B-00C04F79EFBC}") = "Guildwright.Core", "src\Guildwright.Core\Guildwright.Core.csproj", "{BF95707B-3A5B-4429-8A2D-12A8B406AB2B}"
EndProject
Project("{2150E333-8FDC-42A3-9474-1A3956D46DE8}") = "tests", "tests", "{4F3AAE13-2980-4D79-BFE2-D6A671D9B76F}"
EndProject
Project("{FAE04EC0-301F-11D3-BF4B-00C04F79EFBC}") = "Guildwright.Core.Tests", "tests\Guildwright.Core.Tests\Guildwright.Core.Tests.csproj", "{8827544C-6238-43B0-909F-762B6C06732E}"
EndProject
Global
	GlobalSection(SolutionConfigurationPlatforms) = preSolution
		Debug|Any CPU = Debug|Any CPU
		Release|Any CPU = Release|Any CPU
	EndGlobalSection
	GlobalSection(SolutionProperties) = preSolution
		HideSolutionNode = FALSE
	EndGlobalSection
	GlobalSection(ProjectConfigurationPlatforms) = postSolution
		{BF95707B-3A5B-4429-8A2D-12A8B406AB2B}.Debug|Any CPU.ActiveCfg = Debug|Any CPU
		{BF95707B-3A5B-4429-8A2D-12A8B406AB2B}.Debug|Any CPU.Build.0 = Debug|Any CPU
		{BF95707B-3A5B-4429-8A2D-12A8B406AB2B}.Release|Any CPU.ActiveCfg = Release|Any CPU
		{BF95707B-3A5B-4429-8A2D-12A8B406AB2B}.Release|Any CPU.Build.0 = Release|Any CPU
		{8827544C-6238-43B0-909F-762B6C06732E}.Debug|Any CPU.ActiveCfg = Debug|Any CPU
		{8827544C-6238-43B0-909F-762B6C06732E}.Debug|Any CPU.Build.0 = Debug|Any CPU
		{8827544C-6238-43B0-909F-762B6C06732E}.Release|Any CPU.ActiveCfg = Release|Any CPU
		{8827544C-6238-43B0-909F-762B6C06732E}.Release|Any CPU.Build.0 = Release|Any CPU
	EndGlobalSection
	GlobalSection(NestedProjects) = preSolution
		{BF95707B-3A5B-4429-8A2D-12A8B406AB2B} = {520D4272-41C0-49C9-A4DD-1D9B81C90640}
		{8827544C-6238-43B0-909F-762B6C06732E} = {4F3AAE13-2980-4D79-BFE2-D6A671D9B76F}
	EndGlobalSection
EndGlobal
